
Microsoft Visual Studio Solution File, Format Version 12.00
# Visual Studio Version 17
VisualStudioVersion = 17.0.31903.59
MinimumVisualStudioVersion = 10.0.40219.1
Project("{FAE04EC0-301F-11D3-BF4B-00C04F79EFBC}") = "AtsEx.Setup", "AtsEx.Setup\AtsEx.Setup.csproj", "{AE3B0D6E-57B0-40CA-9F1A-8D4335559379}"
EndProject
Global
	GlobalSection(SolutionConfigurationPlatforms) = preSolution
		Debug|Any CPU = Debug|Any CPU
		Release|Any CPU = Release|Any CPU
	EndGlobalSection
	GlobalSection(ProjectConfigurationPlatforms) = postSolution
		{AE3B0D6E-57B0-40CA-9F1A-8D4335559379}.Debug|Any CPU.ActiveCfg = Debug|Any CPU
		{AE3B0D6E-57B0-40CA-9F1A-8D4335559379}.Debug|Any CPU.Build.0 = Debug|Any CPU
		{AE3B0D6E-57B0-40CA-9F1A-8D4335559379}.Release|Any CPU.ActiveCfg = Release|Any CPU
		{AE3B0D6E-57B0-40CA-9F1A-8D4335559379}.Release|Any CPU.Build.0 = Release|Any CPU
	EndGlobalSection
	GlobalSection(SolutionProperties) = preSolution
		HideSolutionNode = FALSE
	EndGlobalSection
	GlobalSection(ExtensibilityGlobals) = postSolution
		SolutionGuid = {8E85111D-5435-436A-B934-38C57FF57C67}
	EndGlobalSection
EndGlobal
